
Microsoft Visual Studio Solution File, Format Version 12.00
# Visual Studio Version 17
VisualStudioVersion = 17.11.35219.272
MinimumVisualStudioVersion = 10.0.40219.1
Project("{2150E333-8FDC-42A3-9474-1A3956D46DE8}") = "1_WEBSERVICE", "1_WEBSERVICE", "{3299043C-F658-44F1-B6C7-3698E8616CFF}"
EndProject
Project("{FAE04EC0-301F-11D3-BF4B-00C04F79EFBC}") = "INVESTIMENTO.RENDAFIXA.WEBAPI", "INVESTIMENTO.RENDAFIXA.WEBAPI\INVESTIMENTO.RENDAFIXA.WEBAPI.csproj", "{17B7C744-5701-497B-9F3B-27E5C8093FAD}"
EndProject
Project("{FAE04EC0-301F-11D3-BF4B-00C04F79EFBC}") = "INVESTIMENTO.RENDAFIXA.APPLICATION", "INVESTIMENTO.RENDAFIXA.APPLICATION\INVESTIMENTO.RENDAFIXA.APPLICATION.csproj", "{7179D5C0-DB5C-4C27-9BD6-6888228CBA4D}"
EndProject
Project("{FAE04EC0-301F-11D3-BF4B-00C04F79EFBC}") = "INVESTIMENTO.RENDAFIXA.DOMAIN", "INVESTIMENTO.RENDAFIXA.DOMAIN\INVESTIMENTO.RENDAFIXA.DOMAIN.csproj", "{C33C8BAE-933F-4A42-8F87-EBFBB5527773}"
EndProject
Project("{FAE04EC0-301F-11D3-BF4B-00C04F79EFBC}") = "INVESTIMENTO.RENDAFIXA.INFRASTRUCTURE", "INVESTIMENTO.RENDAFIXA.INFRASTRUCTURE\INVESTIMENTO.RENDAFIXA.INFRASTRUCTURE.csproj", "{2C4F4319-C866-406F-BD20-2DCFE7635DA8}"
EndProject
Project("{2150E333-8FDC-42A3-9474-1A3956D46DE8}") = "2_TEST", "2_TEST", "{6E36BA49-5811-465F-8E36-7860CC6A77CC}"
EndProject
Project("{2150E333-8FDC-42A3-9474-1A3956D46DE8}") = "3_DATABASE", "3_DATABASE", "{EF7DB38F-1881-48FA-B891-E473C46767EB}"
EndProject
Project("{00D1A9C2-B5F0-4AF3-8072-F6C62B433612}") = "INVESTIMENTO.RENDAFIXA.SQL", "INVESTIMENTO.RENDAFIXA.SQL\INVESTIMENTO.RENDAFIXA.SQL.sqlproj", "{1E01FDF8-0405-416C-B279-33178E2D4713}"
EndProject
Project("{FAE04EC0-301F-11D3-BF4B-00C04F79EFBC}") = "INVESTIMENTO.RENDAFIXA.TEST", "INVESTIMENTO.RENDAFIXA.TEST\INVESTIMENTO.RENDAFIXA.TEST.csproj", "{35AAD76B-E89C-499C-894B-90BD2CD698B0}"
EndProject
Global
	GlobalSection(SolutionConfigurationPlatforms) = preSolution
		Debug|Any CPU = Debug|Any CPU
		Release|Any CPU = Release|Any CPU
	EndGlobalSection
	GlobalSection(ProjectConfigurationPlatforms) = postSolution
		{17B7C744-5701-497B-9F3B-27E5C8093FAD}.Debug|Any CPU.ActiveCfg = Debug|Any CPU
		{17B7C744-5701-497B-9F3B-27E5C8093FAD}.Debug|Any CPU.Build.0 = Debug|Any CPU
		{17B7C744-5701-497B-9F3B-27E5C8093FAD}.Release|Any CPU.ActiveCfg = Release|Any CPU
		{17B7C744-5701-497B-9F3B-27E5C8093FAD}.Release|Any CPU.Build.0 = Release|Any CPU
		{7179D5C0-DB5C-4C27-9BD6-6888228CBA4D}.Debug|Any CPU.ActiveCfg = Debug|Any CPU
		{7179D5C0-DB5C-4C27-9BD6-6888228CBA4D}.Debug|Any CPU.Build.0 = Debug|Any CPU
		{7179D5C0-DB5C-4C27-9BD6-6888228CBA4D}.Release|Any CPU.ActiveCfg = Release|Any CPU
		{7179D5C0-DB5C-4C27-9BD6-6888228CBA4D}.Release|Any CPU.Build.0 = Release|Any CPU
		{C33C8BAE-933F-4A42-8F87-EBFBB5527773}.Debug|Any CPU.ActiveCfg = Debug|Any CPU
		{C33C8BAE-933F-4A42-8F87-EBFBB5527773}.Debug|Any CPU.Build.0 = Debug|Any CPU
		{C33C8BAE-933F-4A42-8F87-EBFBB5527773}.Release|Any CPU.ActiveCfg = Release|Any CPU
		{C33C8BAE-933F-4A42-8F87-EBFBB5527773}.Release|Any CPU.Build.0 = Release|Any CPU
		{2C4F4319-C866-406F-BD20-2DCFE7635DA8}.Debug|Any CPU.ActiveCfg = Debug|Any CPU
		{2C4F4319-C866-406F-BD20-2DCFE7635DA8}.Debug|Any CPU.Build.0 = Debug|Any CPU
		{2C4F4319-C866-406F-BD20-2DCFE7635DA8}.Release|Any CPU.ActiveCfg = Release|Any CPU
		{2C4F4319-C866-406F-BD20-2DCFE7635DA8}.Release|Any CPU.Build.0 = Release|Any CPU
		{1E01FDF8-0405-416C-B279-33178E2D4713}.Debug|Any CPU.ActiveCfg = Debug|Any CPU
		{1E01FDF8-0405-416C-B279-33178E2D4713}.Debug|Any CPU.Build.0 = Debug|Any CPU
		{1E01FDF8-0405-416C-B279-33178E2D4713}.Debug|Any CPU.Deploy.0 = Debug|Any CPU
		{1E01FDF8-0405-416C-B279-33178E2D4713}.Release|Any CPU.ActiveCfg = Release|Any CPU
		{1E01FDF8-0405-416C-B279-33178E2D4713}.Release|Any CPU.Build.0 = Release|Any CPU
		{1E01FDF8-0405-416C-B279-33178E2D4713}.Release|Any CPU.Deploy.0 = Release|Any CPU
		{35AAD76B-E89C-499C-894B-90BD2CD698B0}.Debug|Any CPU.ActiveCfg = Debug|Any CPU
		{35AAD76B-E89C-499C-894B-90BD2CD698B0}.Debug|Any CPU.Build.0 = Debug|Any CPU
		{35AAD76B-E89C-499C-894B-90BD2CD698B0}.Release|Any CPU.ActiveCfg = Release|Any CPU
		{35AAD76B-E89C-499C-894B-90BD2CD698B0}.Release|Any CPU.Build.0 = Release|Any CPU
	EndGlobalSection
	GlobalSection(SolutionProperties) = preSolution
		HideSolutionNode = FALSE
	EndGlobalSection
	GlobalSection(NestedProjects) = preSolution
		{17B7C744-5701-497B-9F3B-27E5C8093FAD} = {3299043C-F658-44F1-B6C7-3698E8616CFF}
		{7179D5C0-DB5C-4C27-9BD6-6888228CBA4D} = {3299043C-F658-44F1-B6C7-3698E8616CFF}
		{C33C8BAE-933F-4A42-8F87-EBFBB5527773} = {3299043C-F658-44F1-B6C7-3698E8616CFF}
		{2C4F4319-C866-406F-BD20-2DCFE7635DA8} = {3299043C-F658-44F1-B6C7-3698E8616CFF}
		{1E01FDF8-0405-416C-B279-33178E2D4713} = {EF7DB38F-1881-48FA-B891-E473C46767EB}
		{35AAD76B-E89C-499C-894B-90BD2CD698B0} = {6E36BA49-5811-465F-8E36-7860CC6A77CC}
	EndGlobalSection
	GlobalSection(ExtensibilityGlobals) = postSolution
		SolutionGuid = {6E219C63-AD6A-4512-91C3-AFABC1EE3F30}
	EndGlobalSection
EndGlobal
